
Microsoft Visual Studio Solution File, Format Version 12.00
# Visual Studio Version 17
VisualStudioVersion = 17.5.33414.496
MinimumVisualStudioVersion = 10.0.40219.1
Project("{FAE04EC0-301F-11D3-BF4B-00C04F79EFBC}") = "MOD8_1302210081", "MOD8_1302210081\MOD8_1302210081.csproj", "{97163258-C8D1-4E9C-8085-78B8D6AFEC4F}"
EndProject
Global
	GlobalSection(SolutionConfigurationPlatforms) = preSolution
		Debug|Any CPU = Debug|Any CPU
		Release|Any CPU = Release|Any CPU
	EndGlobalSection
	GlobalSection(ProjectConfigurationPlatforms) = postSolution
		{97163258-C8D1-4E9C-8085-78B8D6AFEC4F}.Debug|Any CPU.ActiveCfg = Debug|Any CPU
		{97163258-C8D1-4E9C-8085-78B8D6AFEC4F}.Debug|Any CPU.Build.0 = Debug|Any CPU
		{97163258-C8D1-4E9C-8085-78B8D6AFEC4F}.Release|Any CPU.ActiveCfg = Release|Any CPU
		{97163258-C8D1-4E9C-8085-78B8D6AFEC4F}.Release|Any CPU.Build.0 = Release|Any CPU
	EndGlobalSection
	GlobalSection(SolutionProperties) = preSolution
		HideSolutionNode = FALSE
	EndGlobalSection
	GlobalSection(ExtensibilityGlobals) = postSolution
		SolutionGuid = {7A6E1902-0ECC-4D85-8673-0767A2EDAF92}
	EndGlobalSection
EndGlobal
